
Microsoft Visual Studio Solution File, Format Version 12.00
# Visual Studio Version 17
VisualStudioVersion = 17.9.34714.143
MinimumVisualStudioVersion = 10.0.40219.1
Project("{9A19103F-16F7-4668-BE54-9A1E7A4F7556}") = "PerSpace.API", "PerSpace.API\PerSpace.API.csproj", "{AAAFD654-27AD-4CD4-A171-9AF8E786E621}"
EndProject
Project("{9A19103F-16F7-4668-BE54-9A1E7A4F7556}") = "PerSpace.Application", "PerSpace.Application\PerSpace.Application.csproj", "{572F8099-9187-47D6-858A-8349EED4D73D}"
EndProject
Project("{9A19103F-16F7-4668-BE54-9A1E7A4F7556}") = "PerSpace.Domain", "PerSpace.Domain\PerSpace.Domain.csproj", "{66881CA7-F5AA-4BAB-B515-CF3D9C4D9193}"
EndProject
Project("{9A19103F-16F7-4668-BE54-9A1E7A4F7556}") = "PerSpace.Infrastructure", "PerSpace.Infrastructure\PerSpace.Infrastructure.csproj", "{1877D199-09D0-476F-BA21-1712ABD6C10D}"
EndProject
Project("{9A19103F-16F7-4668-BE54-9A1E7A4F7556}") = "Shared", "Shared\Shared.csproj", "{21A5EE13-DB47-4B93-AE9D-EA39DF3417F0}"
EndProject
Project("{FAE04EC0-301F-11D3-BF4B-00C04F79EFBC}") = "ReverseProxy", "ReverseProxy\ReverseProxy.csproj", "{8269260F-475D-4CF0-BA70-121647B015BF}"
EndProject
Project("{E53339B2-1760-4266-BCC7-CA923CBCF16C}") = "docker-compose", "docker-compose.dcproj", "{76F18099-4E6E-4B1E-9CB0-1B0887BB0FFD}"
EndProject
Project("{FAE04EC0-301F-11D3-BF4B-00C04F79EFBC}") = "BackOffice", "BackOffice\BackOffice.csproj", "{041832C9-3F63-449B-9CDD-2CCD30F29FAD}"
EndProject
Global
	GlobalSection(SolutionConfigurationPlatforms) = preSolution
		Debug|Any CPU = Debug|Any CPU
		Release|Any CPU = Release|Any CPU
	EndGlobalSection
	GlobalSection(ProjectConfigurationPlatforms) = postSolution
		{AAAFD654-27AD-4CD4-A171-9AF8E786E621}.Debug|Any CPU.ActiveCfg = Debug|Any CPU
		{AAAFD654-27AD-4CD4-A171-9AF8E786E621}.Debug|Any CPU.Build.0 = Debug|Any CPU
		{AAAFD654-27AD-4CD4-A171-9AF8E786E621}.Release|Any CPU.ActiveCfg = Release|Any CPU
		{AAAFD654-27AD-4CD4-A171-9AF8E786E621}.Release|Any CPU.Build.0 = Release|Any CPU
		{572F8099-9187-47D6-858A-8349EED4D73D}.Debug|Any CPU.ActiveCfg = Debug|Any CPU
		{572F8099-9187-47D6-858A-8349EED4D73D}.Debug|Any CPU.Build.0 = Debug|Any CPU
		{572F8099-9187-47D6-858A-8349EED4D73D}.Release|Any CPU.ActiveCfg = Release|Any CPU
		{572F8099-9187-47D6-858A-8349EED4D73D}.Release|Any CPU.Build.0 = Release|Any CPU
		{66881CA7-F5AA-4BAB-B515-CF3D9C4D9193}.Debug|Any CPU.ActiveCfg = Debug|Any CPU
		{66881CA7-F5AA-4BAB-B515-CF3D9C4D9193}.Debug|Any CPU.Build.0 = Debug|Any CPU
		{66881CA7-F5AA-4BAB-B515-CF3D9C4D9193}.Release|Any CPU.ActiveCfg = Release|Any CPU
		{66881CA7-F5AA-4BAB-B515-CF3D9C4D9193}.Release|Any CPU.Build.0 = Release|Any CPU
		{1877D199-09D0-476F-BA21-1712ABD6C10D}.Debug|Any CPU.ActiveCfg = Debug|Any CPU
		{1877D199-09D0-476F-BA21-1712ABD6C10D}.Debug|Any CPU.Build.0 = Debug|Any CPU
		{1877D199-09D0-476F-BA21-1712ABD6C10D}.Release|Any CPU.ActiveCfg = Release|Any CPU
		{1877D199-09D0-476F-BA21-1712ABD6C10D}.Release|Any CPU.Build.0 = Release|Any CPU
		{21A5EE13-DB47-4B93-AE9D-EA39DF3417F0}.Debug|Any CPU.ActiveCfg = Debug|Any CPU
		{21A5EE13-DB47-4B93-AE9D-EA39DF3417F0}.Debug|Any CPU.Build.0 = Debug|Any CPU
		{21A5EE13-DB47-4B93-AE9D-EA39DF3417F0}.Release|Any CPU.ActiveCfg = Release|Any CPU
		{21A5EE13-DB47-4B93-AE9D-EA39DF3417F0}.Release|Any CPU.Build.0 = Release|Any CPU
		{8269260F-475D-4CF0-BA70-121647B015BF}.Debug|Any CPU.ActiveCfg = Debug|Any CPU
		{8269260F-475D-4CF0-BA70-121647B015BF}.Debug|Any CPU.Build.0 = Debug|Any CPU
		{8269260F-475D-4CF0-BA70-121647B015BF}.Release|Any CPU.ActiveCfg = Release|Any CPU
		{8269260F-475D-4CF0-BA70-121647B015BF}.Release|Any CPU.Build.0 = Release|Any CPU
		{76F18099-4E6E-4B1E-9CB0-1B0887BB0FFD}.Debug|Any CPU.ActiveCfg = Debug|Any CPU
		{76F18099-4E6E-4B1E-9CB0-1B0887BB0FFD}.Debug|Any CPU.Build.0 = Debug|Any CPU
		{76F18099-4E6E-4B1E-9CB0-1B0887BB0FFD}.Release|Any CPU.ActiveCfg = Release|Any CPU
		{76F18099-4E6E-4B1E-9CB0-1B0887BB0FFD}.Release|Any CPU.Build.0 = Release|Any CPU
		{041832C9-3F63-449B-9CDD-2CCD30F29FAD}.Debug|Any CPU.ActiveCfg = Debug|Any CPU
		{041832C9-3F63-449B-9CDD-2CCD30F29FAD}.Debug|Any CPU.Build.0 = Debug|Any CPU
		{041832C9-3F63-449B-9CDD-2CCD30F29FAD}.Release|Any CPU.ActiveCfg = Release|Any CPU
		{041832C9-3F63-449B-9CDD-2CCD30F29FAD}.Release|Any CPU.Build.0 = Release|Any CPU
	EndGlobalSection
	GlobalSection(SolutionProperties) = preSolution
		HideSolutionNode = FALSE
	EndGlobalSection
	GlobalSection(ExtensibilityGlobals) = postSolution
		SolutionGuid = {ABE85C2E-DFCC-43EA-8FCF-9D3824517305}
	EndGlobalSection
EndGlobal
