
Microsoft Visual Studio Solution File, Format Version 12.00
# Visual Studio Version 17
VisualStudioVersion = 17.9.34714.143
MinimumVisualStudioVersion = 10.0.40219.1
Project("{FAE04EC0-301F-11D3-BF4B-00C04F79EFBC}") = "PerSpace.API", "PerSpace.API\PerSpace.API.csproj", "{AAAFD654-27AD-4CD4-A171-9AF8E786E621}"
EndProject
Global
	GlobalSection(SolutionConfigurationPlatforms) = preSolution
		Debug|Any CPU = Debug|Any CPU
		Release|Any CPU = Release|Any CPU
	EndGlobalSection
	GlobalSection(ProjectConfigurationPlatforms) = postSolution
		{AAAFD654-27AD-4CD4-A171-9AF8E786E621}.Debug|Any CPU.ActiveCfg = Debug|Any CPU
		{AAAFD654-27AD-4CD4-A171-9AF8E786E621}.Debug|Any CPU.Build.0 = Debug|Any CPU
		{AAAFD654-27AD-4CD4-A171-9AF8E786E621}.Release|Any CPU.ActiveCfg = Release|Any CPU
		{AAAFD654-27AD-4CD4-A171-9AF8E786E621}.Release|Any CPU.Build.0 = Release|Any CPU
	EndGlobalSection
	GlobalSection(SolutionProperties) = preSolution
		HideSolutionNode = FALSE
	EndGlobalSection
	GlobalSection(ExtensibilityGlobals) = postSolution
		SolutionGuid = {ABE85C2E-DFCC-43EA-8FCF-9D3824517305}
	EndGlobalSection
EndGlobal
